# Provenance for the blessed conversion-identity references.
# The reference files themselves live on the test machine under $DELPHI_CI_REFS.
# Generated by refs_lock.py; do not edit by hand.
data_94c_short:
  blessed_by: sako
  blessed_utc: '2026-09-02T18:02:32Z'
  branches: 766
  converter_commit: d7c3be8923d796ff9fd27a77474310e03980a6cc
  edm4hep: 1.0.0
  entries: 14957
  input:
  - name: collision-data/Y13709/Y13709.1.al
    sha256: ab5531c857455f8df246f9f831154caded28d287db203c50a6a8c5fcb05ed906
    size: 96230400
  key4hep: '2026-04-08'
  payload_sha: d5eaa932db89ccbea9fe61c250705376
  podio: 1.7.0
data_95d_long:
  blessed_by: sako
  blessed_utc: '2026-09-02T18:03:25Z'
  branches: 766
  converter_commit: d7c3be8923d796ff9fd27a77474310e03980a6cc
  edm4hep: 1.0.0
  entries: 2000
  input:
  - name: collision-data/Y13718/Y13718.210.al
    sha256: b804d0c833d52c597e2334d12f9ad6c31e05d2cf8bb5bc199dbb7eeb11394817
    size: 102973440
  key4hep: '2026-04-08'
  payload_sha: 7bc044e5e132be1b55d2170bfe2f56a9
  podio: 1.7.0
data_99d_xshort:
  blessed_by: sako
  blessed_utc: '2026-09-02T18:03:44Z'
  branches: 766
  converter_commit: d7c3be8923d796ff9fd27a77474310e03980a6cc
  edm4hep: 1.0.0
  entries: 2000
  input:
  - name: collision-data/R02140/R02140.1.al
    sha256: 56f21bed38a9ad9ee1bfff2e6280ffccbc07cde52ffe3318ee735fc76772442d
    size: 222735360
  key4hep: '2026-04-08'
  payload_sha: b809199948901a3c8c7c6758f62197ac
  podio: 1.7.0
mc_94c_qqps_ral:
  blessed_by: sako
  blessed_utc: '2026-09-02T18:03:11Z'
  branches: 766
  converter_commit: d7c3be8923d796ff9fd27a77474310e03980a6cc
  edm4hep: 1.0.0
  entries: 4886
  input:
  - name: collision-data/Y10060/Y10060.346.al
    sha256: 267b8a4889444020a4b36647ed3afd514bec548986b15a6ea70bdf5ca03dc188
    size: 109148160
  key4hep: '2026-04-08'
  payload_sha: b444545b04062a62f816383b1fe6bf6f
  podio: 1.7.0
mc_a0e_xshort:
  blessed_by: sako
  blessed_utc: '2026-09-02T18:04:10Z'
  branches: 766
  converter_commit: d7c3be8923d796ff9fd27a77474310e03980a6cc
  edm4hep: 1.0.0
  entries: 1392
  input:
  - name: simulated-data/wupp/apacic105/va0e/206.5/apacic105_206.5_155.xsdst
    sha256: 1dd5fc4ab0a6326e08bdd84881f4e8497f3f6c8dc553aba1f1532749064b4c44
    size: 71838720
  key4hep: '2026-04-08'
  payload_sha: 52a30bab67a327e8efafa5fed1d90f7d
  podio: 1.7.0
