# Provenance for the blessed conversion-identity references.
# The reference files themselves live on the test machine under $DELPHI_CI_REFS.
# Generated by refs_lock.py; do not edit by hand.
data_94c_short:
  blessed_by: sako
  blessed_utc: '2026-08-28T16:19:21Z'
  branches: 468
  converter_commit: c92efbf2536b18eae06074c53ce9f40e20b6fe5e
  edm4hep: 1.0.0
  entries: 14982
  input:
  - name: collision-data/Y13709/Y13709.1.al
    sha256: ab5531c857455f8df246f9f831154caded28d287db203c50a6a8c5fcb05ed906
    size: 96230400
  key4hep: '2026-04-08'
  payload_sha: be3de64c816fa6386cc958e4a852ea5e
  podio: 1.7.0
mc_94c_qqps_ral:
  blessed_by: sako
  blessed_utc: '2026-08-28T16:19:42Z'
  branches: 468
  converter_commit: c92efbf2536b18eae06074c53ce9f40e20b6fe5e
  edm4hep: 1.0.0
  entries: 4899
  input:
  - name: collision-data/Y10060/Y10060.346.al
    sha256: 267b8a4889444020a4b36647ed3afd514bec548986b15a6ea70bdf5ca03dc188
    size: 109148160
  key4hep: '2026-04-08'
  payload_sha: 60775b7489b03c9020d7318c99247685
  podio: 1.7.0
